
Microsoft Visual Studio Solution File, Format Version 12.00
# Visual Studio 15
VisualStudioVersion = 15.0.28010.2003
MinimumVisualStudioVersion = 10.0.40219.1
Project("{FAE04EC0-301F-11D3-BF4B-00C04F79EFBC}") = "VOD Downloader", "VOD Downloader\VOD Downloader.csproj", "{E578B5B4-4C67-43E3-A727-44BA33C8D851}"
EndProject
Global
	GlobalSection(SolutionConfigurationPlatforms) = preSolution
		Debug|Any CPU = Debug|Any CPU
		Release|Any CPU = Release|Any CPU
	EndGlobalSection
	GlobalSection(ProjectConfigurationPlatforms) = postSolution
		{E578B5B4-4C67-43E3-A727-44BA33C8D851}.Debug|Any CPU.ActiveCfg = Debug|Any CPU
		{E578B5B4-4C67-43E3-A727-44BA33C8D851}.Debug|Any CPU.Build.0 = Debug|Any CPU
		{E578B5B4-4C67-43E3-A727-44BA33C8D851}.Release|Any CPU.ActiveCfg = Release|Any CPU
		{E578B5B4-4C67-43E3-A727-44BA33C8D851}.Release|Any CPU.Build.0 = Release|Any CPU
	EndGlobalSection
	GlobalSection(SolutionProperties) = preSolution
		HideSolutionNode = FALSE
	EndGlobalSection
	GlobalSection(ExtensibilityGlobals) = postSolution
		SolutionGuid = {2D3EB38B-7CE2-46C4-B8D6-02AE6F1DE5ED}
	EndGlobalSection
EndGlobal
